// !$*UTF8*$!
{
	archiveVersion = 1;
	classes = {
	};
	objectVersion = 50;
	objects = {

/* Begin PBXBuildFile section */
		04231B9D24134A2500DDDEF8 /* QuestionView.swift in Sources */ = {isa = PBXBuildFile; fileRef = 04231B9C24134A2500DDDEF8 /* QuestionView.swift */; };
		04231B9F24134B9700DDDEF8 /* Question.swift in Sources */ = {isa = PBXBuildFile; fileRef = 04231B9E24134B9700DDDEF8 /* Question.swift */; };
		04231BA124134BDC00DDDEF8 /* QuestionGroup.swift in Sources */ = {isa = PBXBuildFile; fileRef = 04231BA024134BDC00DDDEF8 /* QuestionGroup.swift */; };
		04231BA324134C1C00DDDEF8 /* QuestionGroupData.swift in Sources */ = {isa = PBXBuildFile; fileRef = 04231BA224134C1C00DDDEF8 /* QuestionGroupData.swift */; };
		049BB22D241164B5008B5D1D /* AppDelegate.swift in Sources */ = {isa = PBXBuildFile; fileRef = 049BB22C241164B5008B5D1D /* AppDelegate.swift */; };
		049BB22F241164B5008B5D1D /* SceneDelegate.swift in Sources */ = {isa = PBXBuildFile; fileRef = 049BB22E241164B5008B5D1D /* SceneDelegate.swift */; };
		049BB231241164B5008B5D1D /* QuestionViewController.swift in Sources */ = {isa = PBXBuildFile; fileRef = 049BB230241164B5008B5D1D /* QuestionViewController.swift */; };
		049BB234241164B5008B5D1D /* Main.storyboard in Resources */ = {isa = PBXBuildFile; fileRef = 049BB232241164B5008B5D1D /* Main.storyboard */; };
		049BB236241164B7008B5D1D /* Assets.xcassets in Resources */ = {isa = PBXBuildFile; fileRef = 049BB235241164B7008B5D1D /* Assets.xcassets */; };
		049BB239241164B7008B5D1D /* LaunchScreen.storyboard in Resources */ = {isa = PBXBuildFile; fileRef = 049BB237241164B7008B5D1D /* LaunchScreen.storyboard */; };
/* End PBXBuildFile section */

/* Begin PBXFileReference section */
		04231B9C24134A2500DDDEF8 /* QuestionView.swift */ = {isa = PBXFileReference; lastKnownFileType = sourcecode.swift; path = QuestionView.swift; sourceTree = "<group>"; };
		04231B9E24134B9700DDDEF8 /* Question.swift */ = {isa = PBXFileReference; lastKnownFileType = sourcecode.swift; path = Question.swift; sourceTree = "<group>"; };
		04231BA024134BDC00DDDEF8 /* QuestionGroup.swift */ = {isa = PBXFileReference; lastKnownFileType = sourcecode.swift; path = QuestionGroup.swift; sourceTree = "<group>"; };
		04231BA224134C1C00DDDEF8 /* QuestionGroupData.swift */ = {isa = PBXFileReference; lastKnownFileType = sourcecode.swift; path = QuestionGroupData.swift; sourceTree = "<group>"; };
		049BB229241164B5008B5D1D /* DuoFlags.app */ = {isa = PBXFileReference; explicitFileType = wrapper.application; includeInIndex = 0; path = DuoFlags.app; sourceTree = BUILT_PRODUCTS_DIR; };
		049BB22C241164B5008B5D1D /* AppDelegate.swift */ = {isa = PBXFileReference; lastKnownFileType = sourcecode.swift; path = AppDelegate.swift; sourceTree = "<group>"; };
		049BB22E241164B5008B5D1D /* SceneDelegate.swift */ = {isa = PBXFileReference; lastKnownFileType = sourcecode.swift; path = SceneDelegate.swift; sourceTree = "<group>"; };
		049BB230241164B5008B5D1D /* QuestionViewController.swift */ = {isa = PBXFileReference; lastKnownFileType = sourcecode.swift; path = QuestionViewController.swift; sourceTree = "<group>"; };
		049BB233241164B5008B5D1D /* Base */ = {isa = PBXFileReference; lastKnownFileType = file.storyboard; name = Base; path = Base.lproj/Main.storyboard; sourceTree = "<group>"; };
		049BB235241164B7008B5D1D /* Assets.xcassets */ = {isa = PBXFileReference; lastKnownFileType = folder.assetcatalog; path = Assets.xcassets; sourceTree = "<group>"; };
		049BB238241164B7008B5D1D /* Base */ = {isa = PBXFileReference; lastKnownFileType = file.storyboard; name = Base; path = Base.lproj/LaunchScreen.storyboard; sourceTree = "<group>"; };
		049BB23A241164B7008B5D1D /* Info.plist */ = {isa = PBXFileReference; lastKnownFileType = text.plist.xml; path = Info.plist; sourceTree = "<group>"; };
/* End PBXFileReference section */

/* Begin PBXFrameworksBuildPhase section */
		049BB226241164B5008B5D1D /* Frameworks */ = {
			isa = PBXFrameworksBuildPhase;
			buildActionMask = 2147483647;
			files = (
			);
			runOnlyForDeploymentPostprocessing = 0;
		};
/* End PBXFrameworksBuildPhase section */

/* Begin PBXGroup section */
		049BB220241164B5008B5D1D = {
			isa = PBXGroup;
			children = (
				049BB22B241164B5008B5D1D /* DuoFlags */,
				049BB22A241164B5008B5D1D /* Products */,
			);
			sourceTree = "<group>";
		};
		049BB22A241164B5008B5D1D /* Products */ = {
			isa = PBXGroup;
			children = (
				049BB229241164B5008B5D1D /* DuoFlags.app */,
			);
			name = Products;
			sourceTree = "<group>";
		};
		049BB22B241164B5008B5D1D /* DuoFlags */ = {
			isa = PBXGroup;
			children = (
				049BB24024116500008B5D1D /* AppDelegate */,
				049BB24124116511008B5D1D /* Controllers */,
				049BB24224116518008B5D1D /* Models */,
				049BB24424116527008B5D1D /* Resources */,
				049BB2432411651F008B5D1D /* Views */,
			);
			path = DuoFlags;
			sourceTree = "<group>";
		};
		049BB24024116500008B5D1D /* AppDelegate */ = {
			isa = PBXGroup;
			children = (
				049BB22C241164B5008B5D1D /* AppDelegate.swift */,
				049BB22E241164B5008B5D1D /* SceneDelegate.swift */,
			);
			path = AppDelegate;
			sourceTree = "<group>";
		};
		049BB24124116511008B5D1D /* Controllers */ = {
			isa = PBXGroup;
			children = (
				049BB230241164B5008B5D1D /* QuestionViewController.swift */,
			);
			path = Controllers;
			sourceTree = "<group>";
		};
		049BB24224116518008B5D1D /* Models */ = {
			isa = PBXGroup;
			children = (
				04231B9E24134B9700DDDEF8 /* Question.swift */,
				04231BA024134BDC00DDDEF8 /* QuestionGroup.swift */,
				04231BA224134C1C00DDDEF8 /* QuestionGroupData.swift */,
			);
			path = Models;
			sourceTree = "<group>";
		};
		049BB2432411651F008B5D1D /* Views */ = {
			isa = PBXGroup;
			children = (
				049BB232241164B5008B5D1D /* Main.storyboard */,
				049BB237241164B7008B5D1D /* LaunchScreen.storyboard */,
				04231B9C24134A2500DDDEF8 /* QuestionView.swift */,
			);
			path = Views;
			sourceTree = "<group>";
		};
		049BB24424116527008B5D1D /* Resources */ = {
			isa = PBXGroup;
			children = (
				049BB235241164B7008B5D1D /* Assets.xcassets */,
				049BB23A241164B7008B5D1D /* Info.plist */,
			);
			path = Resources;
			sourceTree = "<group>";
		};
/* End PBXGroup section */

/* Begin PBXNativeTarget section */
		049BB228241164B5008B5D1D /* DuoFlags */ = {
			isa = PBXNativeTarget;
			buildConfigurationList = 049BB23D241164B7008B5D1D /* Build configuration list for PBXNativeTarget "DuoFlags" */;
			buildPhases = (
				049BB225241164B5008B5D1D /* Sources */,
				049BB226241164B5008B5D1D /* Frameworks */,
				049BB227241164B5008B5D1D /* Resources */,
			);
			buildRules = (
			);
			dependencies = (
			);
			name = DuoFlags;
			productName = DuoFlags;
			productReference = 049BB229241164B5008B5D1D /* DuoFlags.app */;
			productType = "com.apple.product-type.application";
		};
/* End PBXNativeTarget section */

/* Begin PBXProject section */
		049BB221241164B5008B5D1D /* Project object */ = {
			isa = PBXProject;
			attributes = {
				LastSwiftUpdateCheck = 1130;
				LastUpgradeCheck = 1130;
				ORGANIZATIONNAME = "Isnard Silva";
				TargetAttributes = {
					049BB228241164B5008B5D1D = {
						CreatedOnToolsVersion = 11.3.1;
					};
				};
			};
			buildConfigurationList = 049BB224241164B5008B5D1D /* Build configuration list for PBXProject "DuoFlags" */;
			compatibilityVersion = "Xcode 9.3";
			developmentRegion = en;
			hasScannedForEncodings = 0;
			knownRegions = (
				en,
				Base,
			);
			mainGroup = 049BB220241164B5008B5D1D;
			productRefGroup = 049BB22A241164B5008B5D1D /* Products */;
			projectDirPath = "";
			projectRoot = "";
			targets = (
				049BB228241164B5008B5D1D /* DuoFlags */,
			);
		};
/* End PBXProject section */

/* Begin PBXResourcesBuildPhase section */
		049BB227241164B5008B5D1D /* Resources */ = {
			isa = PBXResourcesBuildPhase;
			buildActionMask = 2147483647;
			files = (
				049BB239241164B7008B5D1D /* LaunchScreen.storyboard in Resources */,
				049BB236241164B7008B5D1D /* Assets.xcassets in Resources */,
				049BB234241164B5008B5D1D /* Main.storyboard in Resources */,
			);
			runOnlyForDeploymentPostprocessing = 0;
		};
/* End PBXResourcesBuildPhase section */

/* Begin PBXSourcesBuildPhase section */
		049BB225241164B5008B5D1D /* Sources */ = {
			isa = PBXSourcesBuildPhase;
			buildActionMask = 2147483647;
			files = (
				04231B9F24134B9700DDDEF8 /* Question.swift in Sources */,
				04231B9D24134A2500DDDEF8 /* QuestionView.swift in Sources */,
				049BB231241164B5008B5D1D /* QuestionViewController.swift in Sources */,
				04231BA124134BDC00DDDEF8 /* QuestionGroup.swift in Sources */,
				04231BA324134C1C00DDDEF8 /* QuestionGroupData.swift in Sources */,
				049BB22D241164B5008B5D1D /* AppDelegate.swift in Sources */,
				049BB22F241164B5008B5D1D /* SceneDelegate.swift in Sources */,
			);
			runOnlyForDeploymentPostprocessing = 0;
		};
/* End PBXSourcesBuildPhase section */

/* Begin PBXVariantGroup section */
		049BB232241164B5008B5D1D /* Main.storyboard */ = {
			isa = PBXVariantGroup;
			children = (
				049BB233241164B5008B5D1D /* Base */,
			);
			name = Main.storyboard;
			sourceTree = "<group>";
		};
		049BB237241164B7008B5D1D /* LaunchScreen.storyboard */ = {
			isa = PBXVariantGroup;
			children = (
				049BB238241164B7008B5D1D /* Base */,
			);
			name = LaunchScreen.storyboard;
			sourceTree = "<group>";
		};
/* End PBXVariantGroup section */

/* Begin XCBuildConfiguration section */
		049BB23B241164B7008B5D1D /* Debug */ = {
			isa = XCBuildConfiguration;
			buildSettings = {
				ALWAYS_SEARCH_USER_PATHS = NO;
				CLANG_ANALYZER_NONNULL = YES;
				CLANG_ANALYZER_NUMBER_OBJECT_CONVERSION = YES_AGGRESSIVE;
				CLANG_CXX_LANGUAGE_STANDARD = "gnu++14";
				CLANG_CXX_LIBRARY = "libc++";
				CLANG_ENABLE_MODULES = YES;
				CLANG_ENABLE_OBJC_ARC = YES;
				CLANG_ENABLE_OBJC_WEAK = YES;
				CLANG_WARN_BLOCK_CAPTURE_AUTORELEASING = YES;
				CLANG_WARN_BOOL_CONVERSION = YES;
				CLANG_WARN_COMMA = YES;
				CLANG_WARN_CONSTANT_CONVERSION = YES;
				CLANG_WARN_DEPRECATED_OBJC_IMPLEMENTATIONS = YES;
				CLANG_WARN_DIRECT_OBJC_ISA_USAGE = YES_ERROR;
				CLANG_WARN_DOCUMENTATION_COMMENTS = YES;
				CLANG_WARN_EMPTY_BODY = YES;
				CLANG_WARN_ENUM_CONVERSION = YES;
				CLANG_WARN_INFINITE_RECURSION = YES;
				CLANG_WARN_INT_CONVERSION = YES;
				CLANG_WARN_NON_LITERAL_NULL_CONVERSION = YES;
				CLANG_WARN_OBJC_IMPLICIT_RETAIN_SELF = YES;
				CLANG_WARN_OBJC_LITERAL_CONVERSION = YES;
				CLANG_WARN_OBJC_ROOT_CLASS = YES_ERROR;
				CLANG_WARN_RANGE_LOOP_ANALYSIS = YES;
				CLANG_WARN_STRICT_PROTOTYPES = YES;
				CLANG_WARN_SUSPICIOUS_MOVE = YES;
				CLANG_WARN_UNGUARDED_AVAILABILITY = YES_AGGRESSIVE;
				CLANG_WARN_UNREACHABLE_CODE = YES;
				CLANG_WARN__DUPLICATE_METHOD_MATCH = YES;
				COPY_PHASE_STRIP = NO;
				DEBUG_INFORMATION_FORMAT = dwarf;
				ENABLE_STRICT_OBJC_MSGSEND = YES;
				ENABLE_TESTABILITY = YES;
				GCC_C_LANGUAGE_STANDARD = gnu11;
				GCC_DYNAMIC_NO_PIC = NO;
				GCC_NO_COMMON_BLOCKS = YES;
				GCC_OPTIMIZATION_LEVEL = 0;
				GCC_PREPROCESSOR_DEFINITIONS = (
					"DEBUG=1",
					"$(inherited)",
				);
				GCC_WARN_64_TO_32_BIT_CONVERSION = YES;
				GCC_WARN_ABOUT_RETURN_TYPE = YES_ERROR;
				GCC_WARN_UNDECLARED_SELECTOR = YES;
				GCC_WARN_UNINITIALIZED_AUTOS = YES_AGGRESSIVE;
				GCC_WARN_UNUSED_FUNCTION = YES;
				GCC_WARN_UNUSED_VARIABLE = YES;
				IPHONEOS_DEPLOYMENT_TARGET = 13.2;
				MTL_ENABLE_DEBUG_INFO = INCLUDE_SOURCE;
				MTL_FAST_MATH = YES;
				ONLY_ACTIVE_ARCH = YES;
				SDKROOT = iphoneos;
				SWIFT_ACTIVE_COMPILATION_CONDITIONS = DEBUG;
				SWIFT_OPTIMIZATION_LEVEL = "-Onone";
			};
			name = Debug;
		};
		049BB23C241164B7008B5D1D /* Release */ = {
			isa = XCBuildConfiguration;
			buildSettings = {
				ALWAYS_SEARCH_USER_PATHS = NO;
				CLANG_ANALYZER_NONNULL = YES;
				CLANG_ANALYZER_NUMBER_OBJECT_CONVERSION = YES_AGGRESSIVE;
				CLANG_CXX_LANGUAGE_STANDARD = "gnu++14";
				CLANG_CXX_LIBRARY = "libc++";
				CLANG_ENABLE_MODULES = YES;
				CLANG_ENABLE_OBJC_ARC = YES;
				CLANG_ENABLE_OBJC_WEAK = YES;
				CLANG_WARN_BLOCK_CAPTURE_AUTORELEASING = YES;
				CLANG_WARN_BOOL_CONVERSION = YES;
				CLANG_WARN_COMMA = YES;
				CLANG_WARN_CONSTANT_CONVERSION = YES;
				CLANG_WARN_DEPRECATED_OBJC_IMPLEMENTATIONS = YES;
				CLANG_WARN_DIRECT_OBJC_ISA_USAGE = YES_ERROR;
				CLANG_WARN_DOCUMENTATION_COMMENTS = YES;
				CLANG_WARN_EMPTY_BODY = YES;
				CLANG_WARN_ENUM_CONVERSION = YES;
				CLANG_WARN_INFINITE_RECURSION = YES;
				CLANG_WARN_INT_CONVERSION = YES;
				CLANG_WARN_NON_LITERAL_NULL_CONVERSION = YES;
				CLANG_WARN_OBJC_IMPLICIT_RETAIN_SELF = YES;
				CLANG_WARN_OBJC_LITERAL_CONVERSION = YES;
				CLANG_WARN_OBJC_ROOT_CLASS = YES_ERROR;
				CLANG_WARN_RANGE_LOOP_ANALYSIS = YES;
				CLANG_WARN_STRICT_PROTOTYPES = YES;
				CLANG_WARN_SUSPICIOUS_MOVE = YES;
				CLANG_WARN_UNGUARDED_AVAILABILITY = YES_AGGRESSIVE;
				CLANG_WARN_UNREACHABLE_CODE = YES;
				CLANG_WARN__DUPLICATE_METHOD_MATCH = YES;
				COPY_PHASE_STRIP = NO;
				DEBUG_INFORMATION_FORMAT = "dwarf-with-dsym";
				ENABLE_NS_ASSERTIONS = NO;
				ENABLE_STRICT_OBJC_MSGSEND = YES;
				GCC_C_LANGUAGE_STANDARD = gnu11;
				GCC_NO_COMMON_BLOCKS = YES;
				GCC_WARN_64_TO_32_BIT_CONVERSION = YES;
				GCC_WARN_ABOUT_RETURN_TYPE = YES_ERROR;
				GCC_WARN_UNDECLARED_SELECTOR = YES;
				GCC_WARN_UNINITIALIZED_AUTOS = YES_AGGRESSIVE;
				GCC_WARN_UNUSED_FUNCTION = YES;
				GCC_WARN_UNUSED_VARIABLE = YES;
				IPHONEOS_DEPLOYMENT_TARGET = 13.2;
				MTL_ENABLE_DEBUG_INFO = NO;
				MTL_FAST_MATH = YES;
				SDKROOT = iphoneos;
				SWIFT_COMPILATION_MODE = wholemodule;
				SWIFT_OPTIMIZATION_LEVEL = "-O";
				VALIDATE_PRODUCT = YES;
			};
			name = Release;
		};
		049BB23E241164B7008B5D1D /* Debug */ = {
			isa = XCBuildConfiguration;
			buildSettings = {
				ASSETCATALOG_COMPILER_APPICON_NAME = AppIcon;
				CODE_SIGN_STYLE = Automatic;
				DEVELOPMENT_TEAM = FP388F7HF3;
				INFOPLIST_FILE = "$(SRCROOT)/DuoFlags/Resources/Info.plist";
				LD_RUNPATH_SEARCH_PATHS = (
					"$(inherited)",
					"@executable_path/Frameworks",
				);
				PRODUCT_BUNDLE_IDENTIFIER = com.isnardsilva.DuoFlags;
				PRODUCT_NAME = "$(TARGET_NAME)";
				SWIFT_VERSION = 5.0;
				TARGETED_DEVICE_FAMILY = "1,2";
			};
			name = Debug;
		};
		049BB23F241164B7008B5D1D /* Release */ = {
			isa = XCBuildConfiguration;
			buildSettings = {
				ASSETCATALOG_COMPILER_APPICON_NAME = AppIcon;
				CODE_SIGN_STYLE = Automatic;
				DEVELOPMENT_TEAM = FP388F7HF3;
				INFOPLIST_FILE = "$(SRCROOT)/DuoFlags/Resources/Info.plist";
				LD_RUNPATH_SEARCH_PATHS = (
					"$(inherited)",
					"@executable_path/Frameworks",
				);
				PRODUCT_BUNDLE_IDENTIFIER = com.isnardsilva.DuoFlags;
				PRODUCT_NAME = "$(TARGET_NAME)";
				SWIFT_VERSION = 5.0;
				TARGETED_DEVICE_FAMILY = "1,2";
			};
			name = Release;
		};
/* End XCBuildConfiguration section */

/* Begin XCConfigurationList section */
		049BB224241164B5008B5D1D /* Build configuration list for PBXProject "DuoFlags" */ = {
			isa = XCConfigurationList;
			buildConfigurations = (
				049BB23B241164B7008B5D1D /* Debug */,
				049BB23C241164B7008B5D1D /* Release */,
			);
			defaultConfigurationIsVisible = 0;
			defaultConfigurationName = Release;
		};
		049BB23D241164B7008B5D1D /* Build configuration list for PBXNativeTarget "DuoFlags" */ = {
			isa = XCConfigurationList;
			buildConfigurations = (
				049BB23E241164B7008B5D1D /* Debug */,
				049BB23F241164B7008B5D1D /* Release */,
			);
			defaultConfigurationIsVisible = 0;
			defaultConfigurationName = Release;
		};
/* End XCConfigurationList section */
	};
	rootObject = 049BB221241164B5008B5D1D /* Project object */;
}
